
Microsoft Visual Studio Solution File, Format Version 12.00
# Visual Studio 15
VisualStudioVersion = 15.0.26403.3
MinimumVisualStudioVersion = 10.0.40219.1
Project("{FAE04EC0-301F-11D3-BF4B-00C04F79EFBC}") = "ZDiags", "ZDiags\ZDiags.csproj", "{FC3180A5-EC3D-4ACE-BA2C-2883DFE117C3}"
EndProject
Project("{FAE04EC0-301F-11D3-BF4B-00C04F79EFBC}") = "ZBatt", "ZBatt\ZBatt.csproj", "{77C5B0F5-01FD-4BE7-81B2-D81A8DA9EB4D}"
EndProject
Project("{FAE04EC0-301F-11D3-BF4B-00C04F79EFBC}") = "ZCommon", "ZCommon\ZCommon.csproj", "{68E541C8-A879-40DA-9C25-028D77B867DF}"
EndProject
Project("{FAE04EC0-301F-11D3-BF4B-00C04F79EFBC}") = "ZPrint", "ZPrint\ZPrint.csproj", "{C6E2090C-377A-4325-ADC9-E3F8D6C0BF71}"
EndProject
Project("{FAE04EC0-301F-11D3-BF4B-00C04F79EFBC}") = "NIUtils", "NIUtils\NIUtils.csproj", "{C264218F-5D27-4393-A06F-AB2B329E0A02}"
EndProject
Global
	GlobalSection(SolutionConfigurationPlatforms) = preSolution
		Debug|Any CPU = Debug|Any CPU
		Release|Any CPU = Release|Any CPU
	EndGlobalSection
	GlobalSection(ProjectConfigurationPlatforms) = postSolution
		{FC3180A5-EC3D-4ACE-BA2C-2883DFE117C3}.Debug|Any CPU.ActiveCfg = Debug|Any CPU
		{FC3180A5-EC3D-4ACE-BA2C-2883DFE117C3}.Debug|Any CPU.Build.0 = Debug|Any CPU
		{FC3180A5-EC3D-4ACE-BA2C-2883DFE117C3}.Release|Any CPU.ActiveCfg = Release|Any CPU
		{FC3180A5-EC3D-4ACE-BA2C-2883DFE117C3}.Release|Any CPU.Build.0 = Release|Any CPU
		{77C5B0F5-01FD-4BE7-81B2-D81A8DA9EB4D}.Debug|Any CPU.ActiveCfg = Debug|Any CPU
		{77C5B0F5-01FD-4BE7-81B2-D81A8DA9EB4D}.Debug|Any CPU.Build.0 = Debug|Any CPU
		{77C5B0F5-01FD-4BE7-81B2-D81A8DA9EB4D}.Release|Any CPU.ActiveCfg = Release|Any CPU
		{77C5B0F5-01FD-4BE7-81B2-D81A8DA9EB4D}.Release|Any CPU.Build.0 = Release|Any CPU
		{68E541C8-A879-40DA-9C25-028D77B867DF}.Debug|Any CPU.ActiveCfg = Debug|Any CPU
		{68E541C8-A879-40DA-9C25-028D77B867DF}.Debug|Any CPU.Build.0 = Debug|Any CPU
		{68E541C8-A879-40DA-9C25-028D77B867DF}.Release|Any CPU.ActiveCfg = Release|Any CPU
		{68E541C8-A879-40DA-9C25-028D77B867DF}.Release|Any CPU.Build.0 = Release|Any CPU
		{C6E2090C-377A-4325-ADC9-E3F8D6C0BF71}.Debug|Any CPU.ActiveCfg = Debug|Any CPU
		{C6E2090C-377A-4325-ADC9-E3F8D6C0BF71}.Debug|Any CPU.Build.0 = Debug|Any CPU
		{C6E2090C-377A-4325-ADC9-E3F8D6C0BF71}.Release|Any CPU.ActiveCfg = Release|Any CPU
		{C6E2090C-377A-4325-ADC9-E3F8D6C0BF71}.Release|Any CPU.Build.0 = Release|Any CPU
		{C264218F-5D27-4393-A06F-AB2B329E0A02}.Debug|Any CPU.ActiveCfg = Debug|Any CPU
		{C264218F-5D27-4393-A06F-AB2B329E0A02}.Debug|Any CPU.Build.0 = Debug|Any CPU
		{C264218F-5D27-4393-A06F-AB2B329E0A02}.Release|Any CPU.ActiveCfg = Release|Any CPU
		{C264218F-5D27-4393-A06F-AB2B329E0A02}.Release|Any CPU.Build.0 = Release|Any CPU
	EndGlobalSection
	GlobalSection(SolutionProperties) = preSolution
		HideSolutionNode = FALSE
	EndGlobalSection
EndGlobal
